{
  "name": "@google/markerclusterer",
  "version": "2.0.8",
  "lockfileVersion": 3,
  "requires": true,
  "packages": {
    "": {
      "name": "@google/markerclusterer",
      "version": "2.0.8",
      "license": "Apache-2.0",
      "dependencies": {
        "@google/markerclusterer": "file:"
      }
    },
    "node_modules/@google/markerclusterer": {
      "resolved": "",
      "link": true
    }
  }
}
